
Microsoft Visual Studio Solution File, Format Version 12.00
# Visual Studio Version 17
VisualStudioVersion = 17.11.35327.3
MinimumVisualStudioVersion = 10.0.40219.1
Project("{9A19103F-16F7-4668-BE54-9A1E7A4F7556}") = "WeeCompany", "WeeCompany\WeeCompany\WeeCompany.csproj", "{94985144-0B4E-4021-A363-B9BC3DBA86AF}"
EndProject
Project("{9A19103F-16F7-4668-BE54-9A1E7A4F7556}") = "WeeCompany.Client", "WeeCompany\WeeCompany.Client\WeeCompany.Client.csproj", "{A37ADBCD-1480-48C0-B7B3-E33C02A73846}"
EndProject
Project("{9A19103F-16F7-4668-BE54-9A1E7A4F7556}") = "WeeCompany.Shared", "WeeCompany.Shared\WeeCompany.Shared.csproj", "{FB3CEC4F-F326-4965-B98C-BE5E22C346EA}"
EndProject
Global
	GlobalSection(SolutionConfigurationPlatforms) = preSolution
		Debug|Any CPU = Debug|Any CPU
		Release|Any CPU = Release|Any CPU
	EndGlobalSection
	GlobalSection(ProjectConfigurationPlatforms) = postSolution
		{94985144-0B4E-4021-A363-B9BC3DBA86AF}.Debug|Any CPU.ActiveCfg = Debug|Any CPU
		{94985144-0B4E-4021-A363-B9BC3DBA86AF}.Debug|Any CPU.Build.0 = Debug|Any CPU
		{94985144-0B4E-4021-A363-B9BC3DBA86AF}.Release|Any CPU.ActiveCfg = Release|Any CPU
		{94985144-0B4E-4021-A363-B9BC3DBA86AF}.Release|Any CPU.Build.0 = Release|Any CPU
		{A37ADBCD-1480-48C0-B7B3-E33C02A73846}.Debug|Any CPU.ActiveCfg = Debug|Any CPU
		{A37ADBCD-1480-48C0-B7B3-E33C02A73846}.Debug|Any CPU.Build.0 = Debug|Any CPU
		{A37ADBCD-1480-48C0-B7B3-E33C02A73846}.Release|Any CPU.ActiveCfg = Release|Any CPU
		{A37ADBCD-1480-48C0-B7B3-E33C02A73846}.Release|Any CPU.Build.0 = Release|Any CPU
		{FB3CEC4F-F326-4965-B98C-BE5E22C346EA}.Debug|Any CPU.ActiveCfg = Debug|Any CPU
		{FB3CEC4F-F326-4965-B98C-BE5E22C346EA}.Debug|Any CPU.Build.0 = Debug|Any CPU
		{FB3CEC4F-F326-4965-B98C-BE5E22C346EA}.Release|Any CPU.ActiveCfg = Release|Any CPU
		{FB3CEC4F-F326-4965-B98C-BE5E22C346EA}.Release|Any CPU.Build.0 = Release|Any CPU
	EndGlobalSection
	GlobalSection(SolutionProperties) = preSolution
		HideSolutionNode = FALSE
	EndGlobalSection
	GlobalSection(ExtensibilityGlobals) = postSolution
		SolutionGuid = {C8E60349-2CC2-4E19-9FBD-12300A7290D7}
	EndGlobalSection
EndGlobal
